// !$*UTF8*$!
{
	archiveVersion = 1;
	classes = {
	};
	objectVersion = 56;
	objects = {

/* Begin PBXBuildFile section */
		2475FF482C32B0B900E83C55 /* GenericNetworkService.swift in Sources */ = {isa = PBXBuildFile; fileRef = 2475FF472C32B0B900E83C55 /* GenericNetworkService.swift */; };
		2475FF4F2C34639D00E83C55 /* ProgressHUD in Frameworks */ = {isa = PBXBuildFile; productRef = 2475FF4E2C34639D00E83C55 /* ProgressHUD */; };
		2475FF512C3463A800E83C55 /* Kingfisher in Frameworks */ = {isa = PBXBuildFile; productRef = 2475FF502C3463A800E83C55 /* Kingfisher */; };
		2476C95D2C34949400AA4DE0 /* ProfileLogoutService.swift in Sources */ = {isa = PBXBuildFile; fileRef = 2476C95C2C34949400AA4DE0 /* ProfileLogoutService.swift */; };
		2476C95F2C35AD5600AA4DE0 /* ProfileLoadingView.swift in Sources */ = {isa = PBXBuildFile; fileRef = 2476C95E2C35AD5600AA4DE0 /* ProfileLoadingView.swift */; };
		247966002BE8C58000E53C29 /* AppDelegate.swift in Sources */ = {isa = PBXBuildFile; fileRef = 247965FF2BE8C58000E53C29 /* AppDelegate.swift */; };
		247966022BE8C58000E53C29 /* SceneDelegate.swift in Sources */ = {isa = PBXBuildFile; fileRef = 247966012BE8C58000E53C29 /* SceneDelegate.swift */; };
		247966042BE8C58000E53C29 /* ImagesListViewController.swift in Sources */ = {isa = PBXBuildFile; fileRef = 247966032BE8C58000E53C29 /* ImagesListViewController.swift */; };
		247966092BE8C58100E53C29 /* Assets.xcassets in Resources */ = {isa = PBXBuildFile; fileRef = 247966082BE8C58100E53C29 /* Assets.xcassets */; };
		2479660C2BE8C58100E53C29 /* Base in Resources */ = {isa = PBXBuildFile; fileRef = 2479660B2BE8C58100E53C29 /* Base */; };
		247966342BEA3B9500E53C29 /* ImagesListCell.swift in Sources */ = {isa = PBXBuildFile; fileRef = 247966332BEA3B9500E53C29 /* ImagesListCell.swift */; };
		247DB86A2C4E72A70021BAE6 /* ImageFeedUITestsTestFeed.swift in Sources */ = {isa = PBXBuildFile; fileRef = 247DB8692C4E72A70021BAE6 /* ImageFeedUITestsTestFeed.swift */; };
		247DB87F2C4E84A40021BAE6 /* MockOAuth2TokenStorage.swift in Sources */ = {isa = PBXBuildFile; fileRef = 248EAFF72C4E439B002FEF84 /* MockOAuth2TokenStorage.swift */; };
		248EAF7E2C4540F1002FEF84 /* AuthHelper.swift in Sources */ = {isa = PBXBuildFile; fileRef = 248EAF7D2C4540F1002FEF84 /* AuthHelper.swift */; };
		248EAF862C455218002FEF84 /* WebViewTests.swift in Sources */ = {isa = PBXBuildFile; fileRef = 248EAF852C455218002FEF84 /* WebViewTests.swift */; };
		248EAF8D2C46835D002FEF84 /* ProfilePresenter.swift in Sources */ = {isa = PBXBuildFile; fileRef = 248EAF8C2C46835D002FEF84 /* ProfilePresenter.swift */; };
		248EAF912C46C0A0002FEF84 /* ImagesListPresenter.swift in Sources */ = {isa = PBXBuildFile; fileRef = 248EAF902C46C0A0002FEF84 /* ImagesListPresenter.swift */; };
		248EAF932C46CB89002FEF84 /* Array+Extensions.swift in Sources */ = {isa = PBXBuildFile; fileRef = 248EAF922C46CB89002FEF84 /* Array+Extensions.swift */; };
		248EAF952C46D076002FEF84 /* DateFormatter+Extensions.swift in Sources */ = {isa = PBXBuildFile; fileRef = 248EAF942C46D076002FEF84 /* DateFormatter+Extensions.swift */; };
		248EAFA42C47054F002FEF84 /* ProfileTests.swift in Sources */ = {isa = PBXBuildFile; fileRef = 248EAF9D2C470546002FEF84 /* ProfileTests.swift */; };
		248EAFA92C47B2B2002FEF84 /* ProfilePresenterMock.swift in Sources */ = {isa = PBXBuildFile; fileRef = 248EAFA82C47B2B2002FEF84 /* ProfilePresenterMock.swift */; };
		248EAFAB2C47B2F2002FEF84 /* ProfileViewControllerSpy.swift in Sources */ = {isa = PBXBuildFile; fileRef = 248EAFAA2C47B2F2002FEF84 /* ProfileViewControllerSpy.swift */; };
		248EAFAD2C47B32E002FEF84 /* WebViewPresenterSpy.swift in Sources */ = {isa = PBXBuildFile; fileRef = 248EAFAC2C47B32E002FEF84 /* WebViewPresenterSpy.swift */; };
		248EAFAF2C47B36A002FEF84 /* WebViewViewControllerSpy.swift in Sources */ = {isa = PBXBuildFile; fileRef = 248EAFAE2C47B36A002FEF84 /* WebViewViewControllerSpy.swift */; };
		248EAFB72C47B6EE002FEF84 /* ImagesListTests.swift in Sources */ = {isa = PBXBuildFile; fileRef = 248EAFB62C47B6EE002FEF84 /* ImagesListTests.swift */; };
		248EAFBE2C47B7BF002FEF84 /* ImagesListPresenterMock.swift in Sources */ = {isa = PBXBuildFile; fileRef = 248EAFBD2C47B7BF002FEF84 /* ImagesListPresenterMock.swift */; };
		248EAFC02C47B81D002FEF84 /* ImagesListViewControllerSpy.swift in Sources */ = {isa = PBXBuildFile; fileRef = 248EAFBF2C47B81D002FEF84 /* ImagesListViewControllerSpy.swift */; };
		248EAFC42C4823C6002FEF84 /* UITableViewMock.swift in Sources */ = {isa = PBXBuildFile; fileRef = 248EAFC32C4823C6002FEF84 /* UITableViewMock.swift */; };
		248EAFCC2C483F81002FEF84 /* ImageFeedUITests.swift in Sources */ = {isa = PBXBuildFile; fileRef = 248EAFCB2C483F81002FEF84 /* ImageFeedUITests.swift */; };
		248EAFD52C4901E4002FEF84 /* ProfileImageRequestHelper.swift in Sources */ = {isa = PBXBuildFile; fileRef = 248EAFD42C4901E3002FEF84 /* ProfileImageRequestHelper.swift */; };
		248EAFD72C490206002FEF84 /* ProfileImageResponseHelper.swift in Sources */ = {isa = PBXBuildFile; fileRef = 248EAFD62C490206002FEF84 /* ProfileImageResponseHelper.swift */; };
		248EAFD92C4906B2002FEF84 /* ImagesListLikeHelper.swift in Sources */ = {isa = PBXBuildFile; fileRef = 248EAFD82C4906B2002FEF84 /* ImagesListLikeHelper.swift */; };
		248EAFDB2C4906E2002FEF84 /* ImagesListPhotosHelper.swift in Sources */ = {isa = PBXBuildFile; fileRef = 248EAFDA2C4906E2002FEF84 /* ImagesListPhotosHelper.swift */; };
		248EAFE22C492A62002FEF84 /* OAuth2RequestHelper.swift in Sources */ = {isa = PBXBuildFile; fileRef = 248EAFE12C492A62002FEF84 /* OAuth2RequestHelper.swift */; };
		248EAFE42C492ABD002FEF84 /* OAuth2ParserHelper.swift in Sources */ = {isa = PBXBuildFile; fileRef = 248EAFE32C492ABD002FEF84 /* OAuth2ParserHelper.swift */; };
		248EAFEA2C4AE697002FEF84 /* APIEndpoints.swift in Sources */ = {isa = PBXBuildFile; fileRef = 248EAFE92C4AE697002FEF84 /* APIEndpoints.swift */; };
		248EAFEC2C4AE6BE002FEF84 /* Constants.swift in Sources */ = {isa = PBXBuildFile; fileRef = 248EAFEB2C4AE6BE002FEF84 /* Constants.swift */; };
		248EAFEE2C4AE787002FEF84 /* NetworkError.swift in Sources */ = {isa = PBXBuildFile; fileRef = 248EAFED2C4AE787002FEF84 /* NetworkError.swift */; };
		248EAFF22C4E4271002FEF84 /* MockImagesListService.swift in Sources */ = {isa = PBXBuildFile; fileRef = 248EAFF12C4E4271002FEF84 /* MockImagesListService.swift */; };
		248EAFF62C4E4317002FEF84 /* MockProfileImageService.swift in Sources */ = {isa = PBXBuildFile; fileRef = 248EAFF52C4E4317002FEF84 /* MockProfileImageService.swift */; };
		248EAFFB2C4E4430002FEF84 /* MockProfileService.swift in Sources */ = {isa = PBXBuildFile; fileRef = 248EAFFA2C4E4430002FEF84 /* MockProfileService.swift */; };
		24C042732C08C5F000746C39 /* AuthConfiguration.swift in Sources */ = {isa = PBXBuildFile; fileRef = 24C042722C08C5F000746C39 /* AuthConfiguration.swift */; };
		24C042752C09D03700746C39 /* AuthViewController.swift in Sources */ = {isa = PBXBuildFile; fileRef = 24C042742C09D03700746C39 /* AuthViewController.swift */; };
		24C042772C09DF7E00746C39 /* WebViewViewController.swift in Sources */ = {isa = PBXBuildFile; fileRef = 24C042762C09DF7E00746C39 /* WebViewViewController.swift */; };
		24C0427B2C0F053500746C39 /* OAuth2Service.swift in Sources */ = {isa = PBXBuildFile; fileRef = 24C0427A2C0F053500746C39 /* OAuth2Service.swift */; };
		24C0427D2C0F0B1200746C39 /* NetworkErrorHandler.swift in Sources */ = {isa = PBXBuildFile; fileRef = 24C0427C2C0F0B1200746C39 /* NetworkErrorHandler.swift */; };
		24C0427F2C0F315D00746C39 /* AuthPresenter.swift in Sources */ = {isa = PBXBuildFile; fileRef = 24C0427E2C0F315D00746C39 /* AuthPresenter.swift */; };
		24C042812C1062DC00746C39 /* OAuthTokenResponseBody.swift in Sources */ = {isa = PBXBuildFile; fileRef = 24C042802C1062DC00746C39 /* OAuthTokenResponseBody.swift */; };
		24C042832C106BD200746C39 /* OAuth2TokenStorage.swift in Sources */ = {isa = PBXBuildFile; fileRef = 24C042822C106BD200746C39 /* OAuth2TokenStorage.swift */; };
		24C042862C107E7900746C39 /* SplashViewController.swift in Sources */ = {isa = PBXBuildFile; fileRef = 24C042852C107E7900746C39 /* SplashViewController.swift */; };
		24C0428A2C11E1CE00746C39 /* KeychainService.swift in Sources */ = {isa = PBXBuildFile; fileRef = 24C042892C11E1CE00746C39 /* KeychainService.swift */; };
		24C0428F2C1C3DEA00746C39 /* UIBlockingProgressHUD.swift in Sources */ = {isa = PBXBuildFile; fileRef = 24C0428E2C1C3DEA00746C39 /* UIBlockingProgressHUD.swift */; };
		24C042912C1C579D00746C39 /* ProfileService.swift in Sources */ = {isa = PBXBuildFile; fileRef = 24C042902C1C579D00746C39 /* ProfileService.swift */; };
		24C042932C1C585C00746C39 /* ProfileResult.swift in Sources */ = {isa = PBXBuildFile; fileRef = 24C042922C1C585C00746C39 /* ProfileResult.swift */; };
		24C0429B2C20206200746C39 /* ProfileImageService.swift in Sources */ = {isa = PBXBuildFile; fileRef = 24C0429A2C20206200746C39 /* ProfileImageService.swift */; };
		24C0429D2C20210300746C39 /* UserResult.swift in Sources */ = {isa = PBXBuildFile; fileRef = 24C0429C2C20210300746C39 /* UserResult.swift */; };
		24C042A02C20990900746C39 /* NetworkService.swift in Sources */ = {isa = PBXBuildFile; fileRef = 24C0429F2C20990900746C39 /* NetworkService.swift */; };
		24C042A32C20B37C00746C39 /* AlertPresenter.swift in Sources */ = {isa = PBXBuildFile; fileRef = 24C042A22C20B37C00746C39 /* AlertPresenter.swift */; };
		24C042A52C20B3CE00746C39 /* AlertModel.swift in Sources */ = {isa = PBXBuildFile; fileRef = 24C042A42C20B3CE00746C39 /* AlertModel.swift */; };
		24C042A82C2185EA00746C39 /* SkeletonView in Frameworks */ = {isa = PBXBuildFile; productRef = 24C042A72C2185EA00746C39 /* SkeletonView */; };
		24C042AD2C243D2500746C39 /* Logger.swift in Sources */ = {isa = PBXBuildFile; fileRef = 24C042AC2C243D2500746C39 /* Logger.swift */; };
		24C496E62BF5F46400109D90 /* ProfileViewController.swift in Sources */ = {isa = PBXBuildFile; fileRef = 24C496E52BF5F46400109D90 /* ProfileViewController.swift */; };
		24C496EC2BFB431F00109D90 /* SingleImageViewController.swift in Sources */ = {isa = PBXBuildFile; fileRef = 24C496EB2BFB431F00109D90 /* SingleImageViewController.swift */; };
		24FDC44A2C2D52E300C9C9CA /* ImagesListService.swift in Sources */ = {isa = PBXBuildFile; fileRef = 24FDC4492C2D52E300C9C9CA /* ImagesListService.swift */; };
		24FDC44C2C2D547600C9C9CA /* Photo.swift in Sources */ = {isa = PBXBuildFile; fileRef = 24FDC44B2C2D547600C9C9CA /* Photo.swift */; };
		24FDC44E2C2D641B00C9C9CA /* PhotoResult.swift in Sources */ = {isa = PBXBuildFile; fileRef = 24FDC44D2C2D641B00C9C9CA /* PhotoResult.swift */; };
/* End PBXBuildFile section */

/* Begin PBXContainerItemProxy section */
		248EAF872C455218002FEF84 /* PBXContainerItemProxy */ = {
			isa = PBXContainerItemProxy;
			containerPortal = 247965F42BE8C57F00E53C29 /* Project object */;
			proxyType = 1;
			remoteGlobalIDString = 247965FB2BE8C57F00E53C29;
			remoteInfo = ImageFeed;
		};
		248EAFB82C47B6EE002FEF84 /* PBXContainerItemProxy */ = {
			isa = PBXContainerItemProxy;
			containerPortal = 247965F42BE8C57F00E53C29 /* Project object */;
			proxyType = 1;
			remoteGlobalIDString = 247965FB2BE8C57F00E53C29;
			remoteInfo = ImageFeed;
		};
		248EAFCF2C483F81002FEF84 /* PBXContainerItemProxy */ = {
			isa = PBXContainerItemProxy;
			containerPortal = 247965F42BE8C57F00E53C29 /* Project object */;
			proxyType = 1;
			remoteGlobalIDString = 247965FB2BE8C57F00E53C29;
			remoteInfo = ImageFeed;
		};
/* End PBXContainerItemProxy section */

/* Begin PBXFileReference section */
		2475FF472C32B0B900E83C55 /* GenericNetworkService.swift */ = {isa = PBXFileReference; lastKnownFileType = sourcecode.swift; path = GenericNetworkService.swift; sourceTree = "<group>"; };
		2476C95C2C34949400AA4DE0 /* ProfileLogoutService.swift */ = {isa = PBXFileReference; lastKnownFileType = sourcecode.swift; path = ProfileLogoutService.swift; sourceTree = "<group>"; };
		2476C95E2C35AD5600AA4DE0 /* ProfileLoadingView.swift */ = {isa = PBXFileReference; lastKnownFileType = sourcecode.swift; path = ProfileLoadingView.swift; sourceTree = "<group>"; };
		247965FC2BE8C58000E53C29 /* ImageFeed.app */ = {isa = PBXFileReference; explicitFileType = wrapper.application; includeInIndex = 0; path = ImageFeed.app; sourceTree = BUILT_PRODUCTS_DIR; };
		247965FF2BE8C58000E53C29 /* AppDelegate.swift */ = {isa = PBXFileReference; lastKnownFileType = sourcecode.swift; path = AppDelegate.swift; sourceTree = "<group>"; };
		247966012BE8C58000E53C29 /* SceneDelegate.swift */ = {isa = PBXFileReference; lastKnownFileType = sourcecode.swift; path = SceneDelegate.swift; sourceTree = "<group>"; };
		247966032BE8C58000E53C29 /* ImagesListViewController.swift */ = {isa = PBXFileReference; lastKnownFileType = sourcecode.swift; path = ImagesListViewController.swift; sourceTree = "<group>"; };
		247966082BE8C58100E53C29 /* Assets.xcassets */ = {isa = PBXFileReference; lastKnownFileType = folder.assetcatalog; path = Assets.xcassets; sourceTree = "<group>"; };
		2479660B2BE8C58100E53C29 /* Base */ = {isa = PBXFileReference; lastKnownFileType = file.storyboard; name = Base; path = Base.lproj/LaunchScreen.storyboard; sourceTree = "<group>"; };
		2479660D2BE8C58100E53C29 /* Info.plist */ = {isa = PBXFileReference; lastKnownFileType = text.plist.xml; path = Info.plist; sourceTree = "<group>"; };
		247966332BEA3B9500E53C29 /* ImagesListCell.swift */ = {isa = PBXFileReference; lastKnownFileType = sourcecode.swift; path = ImagesListCell.swift; sourceTree = "<group>"; };
		247DB8692C4E72A70021BAE6 /* ImageFeedUITestsTestFeed.swift */ = {isa = PBXFileReference; lastKnownFileType = sourcecode.swift; path = ImageFeedUITestsTestFeed.swift; sourceTree = "<group>"; };
		248EAF7D2C4540F1002FEF84 /* AuthHelper.swift */ = {isa = PBXFileReference; lastKnownFileType = sourcecode.swift; path = AuthHelper.swift; sourceTree = "<group>"; };
		248EAF832C455218002FEF84 /* ImageFeedTests.xctest */ = {isa = PBXFileReference; explicitFileType = wrapper.cfbundle; includeInIndex = 0; path = ImageFeedTests.xctest; sourceTree = BUILT_PRODUCTS_DIR; };
		248EAF852C455218002FEF84 /* WebViewTests.swift */ = {isa = PBXFileReference; lastKnownFileType = sourcecode.swift; path = WebViewTests.swift; sourceTree = "<group>"; };
		248EAF8C2C46835D002FEF84 /* ProfilePresenter.swift */ = {isa = PBXFileReference; lastKnownFileType = sourcecode.swift; path = ProfilePresenter.swift; sourceTree = "<group>"; };
		248EAF902C46C0A0002FEF84 /* ImagesListPresenter.swift */ = {isa = PBXFileReference; lastKnownFileType = sourcecode.swift; path = ImagesListPresenter.swift; sourceTree = "<group>"; };
		248EAF922C46CB89002FEF84 /* Array+Extensions.swift */ = {isa = PBXFileReference; lastKnownFileType = sourcecode.swift; path = "Array+Extensions.swift"; sourceTree = "<group>"; };
		248EAF942C46D076002FEF84 /* DateFormatter+Extensions.swift */ = {isa = PBXFileReference; lastKnownFileType = sourcecode.swift; path = "DateFormatter+Extensions.swift"; sourceTree = "<group>"; };
		248EAF9D2C470546002FEF84 /* ProfileTests.swift */ = {isa = PBXFileReference; lastKnownFileType = sourcecode.swift; path = ProfileTests.swift; sourceTree = "<group>"; };
		248EAFA82C47B2B2002FEF84 /* ProfilePresenterMock.swift */ = {isa = PBXFileReference; lastKnownFileType = sourcecode.swift; path = ProfilePresenterMock.swift; sourceTree = "<group>"; };
		248EAFAA2C47B2F2002FEF84 /* ProfileViewControllerSpy.swift */ = {isa = PBXFileReference; lastKnownFileType = sourcecode.swift; path = ProfileViewControllerSpy.swift; sourceTree = "<group>"; };
		248EAFAC2C47B32E002FEF84 /* WebViewPresenterSpy.swift */ = {isa = PBXFileReference; lastKnownFileType = sourcecode.swift; path = WebViewPresenterSpy.swift; sourceTree = "<group>"; };
		248EAFAE2C47B36A002FEF84 /* WebViewViewControllerSpy.swift */ = {isa = PBXFileReference; lastKnownFileType = sourcecode.swift; path = WebViewViewControllerSpy.swift; sourceTree = "<group>"; };
		248EAFB42C47B6EE002FEF84 /* ImagesListTests.xctest */ = {isa = PBXFileReference; explicitFileType = wrapper.cfbundle; includeInIndex = 0; path = ImagesListTests.xctest; sourceTree = BUILT_PRODUCTS_DIR; };
		248EAFB62C47B6EE002FEF84 /* ImagesListTests.swift */ = {isa = PBXFileReference; lastKnownFileType = sourcecode.swift; path = ImagesListTests.swift; sourceTree = "<group>"; };
		248EAFBD2C47B7BF002FEF84 /* ImagesListPresenterMock.swift */ = {isa = PBXFileReference; lastKnownFileType = sourcecode.swift; path = ImagesListPresenterMock.swift; sourceTree = "<group>"; };
		248EAFBF2C47B81D002FEF84 /* ImagesListViewControllerSpy.swift */ = {isa = PBXFileReference; lastKnownFileType = sourcecode.swift; path = ImagesListViewControllerSpy.swift; sourceTree = "<group>"; };
		248EAFC32C4823C6002FEF84 /* UITableViewMock.swift */ = {isa = PBXFileReference; lastKnownFileType = sourcecode.swift; path = UITableViewMock.swift; sourceTree = "<group>"; };
		248EAFC92C483F80002FEF84 /* ImageFeedUITests.xctest */ = {isa = PBXFileReference; explicitFileType = wrapper.cfbundle; includeInIndex = 0; path = ImageFeedUITests.xctest; sourceTree = BUILT_PRODUCTS_DIR; };
		248EAFCB2C483F81002FEF84 /* ImageFeedUITests.swift */ = {isa = PBXFileReference; lastKnownFileType = sourcecode.swift; path = ImageFeedUITests.swift; sourceTree = "<group>"; };
		248EAFD42C4901E3002FEF84 /* ProfileImageRequestHelper.swift */ = {isa = PBXFileReference; lastKnownFileType = sourcecode.swift; path = ProfileImageRequestHelper.swift; sourceTree = "<group>"; };
		248EAFD62C490206002FEF84 /* ProfileImageResponseHelper.swift */ = {isa = PBXFileReference; lastKnownFileType = sourcecode.swift; path = ProfileImageResponseHelper.swift; sourceTree = "<group>"; };
		248EAFD82C4906B2002FEF84 /* ImagesListLikeHelper.swift */ = {isa = PBXFileReference; lastKnownFileType = sourcecode.swift; path = ImagesListLikeHelper.swift; sourceTree = "<group>"; };
		248EAFDA2C4906E2002FEF84 /* ImagesListPhotosHelper.swift */ = {isa = PBXFileReference; lastKnownFileType = sourcecode.swift; path = ImagesListPhotosHelper.swift; sourceTree = "<group>"; };
		248EAFE12C492A62002FEF84 /* OAuth2RequestHelper.swift */ = {isa = PBXFileReference; lastKnownFileType = sourcecode.swift; path = OAuth2RequestHelper.swift; sourceTree = "<group>"; };
		248EAFE32C492ABD002FEF84 /* OAuth2ParserHelper.swift */ = {isa = PBXFileReference; lastKnownFileType = sourcecode.swift; path = OAuth2ParserHelper.swift; sourceTree = "<group>"; };
		248EAFE92C4AE697002FEF84 /* APIEndpoints.swift */ = {isa = PBXFileReference; lastKnownFileType = sourcecode.swift; path = APIEndpoints.swift; sourceTree = "<group>"; };
		248EAFEB2C4AE6BE002FEF84 /* Constants.swift */ = {isa = PBXFileReference; lastKnownFileType = sourcecode.swift; path = Constants.swift; sourceTree = "<group>"; };
		248EAFED2C4AE787002FEF84 /* NetworkError.swift */ = {isa = PBXFileReference; lastKnownFileType = sourcecode.swift; path = NetworkError.swift; sourceTree = "<group>"; };
		248EAFF12C4E4271002FEF84 /* MockImagesListService.swift */ = {isa = PBXFileReference; lastKnownFileType = sourcecode.swift; path = MockImagesListService.swift; sourceTree = "<group>"; };
		248EAFF52C4E4317002FEF84 /* MockProfileImageService.swift */ = {isa = PBXFileReference; lastKnownFileType = sourcecode.swift; path = MockProfileImageService.swift; sourceTree = "<group>"; };
		248EAFF72C4E439B002FEF84 /* MockOAuth2TokenStorage.swift */ = {isa = PBXFileReference; lastKnownFileType = sourcecode.swift; path = MockOAuth2TokenStorage.swift; sourceTree = "<group>"; };
		248EAFFA2C4E4430002FEF84 /* MockProfileService.swift */ = {isa = PBXFileReference; lastKnownFileType = sourcecode.swift; path = MockProfileService.swift; sourceTree = "<group>"; };
		24C042722C08C5F000746C39 /* AuthConfiguration.swift */ = {isa = PBXFileReference; lastKnownFileType = sourcecode.swift; path = AuthConfiguration.swift; sourceTree = "<group>"; };
		24C042742C09D03700746C39 /* AuthViewController.swift */ = {isa = PBXFileReference; lastKnownFileType = sourcecode.swift; path = AuthViewController.swift; sourceTree = "<group>"; };
		24C042762C09DF7E00746C39 /* WebViewViewController.swift */ = {isa = PBXFileReference; lastKnownFileType = sourcecode.swift; path = WebViewViewController.swift; sourceTree = "<group>"; };
		24C0427A2C0F053500746C39 /* OAuth2Service.swift */ = {isa = PBXFileReference; lastKnownFileType = sourcecode.swift; path = OAuth2Service.swift; sourceTree = "<group>"; };
		24C0427C2C0F0B1200746C39 /* NetworkErrorHandler.swift */ = {isa = PBXFileReference; lastKnownFileType = sourcecode.swift; path = NetworkErrorHandler.swift; sourceTree = "<group>"; };
		24C0427E2C0F315D00746C39 /* AuthPresenter.swift */ = {isa = PBXFileReference; lastKnownFileType = sourcecode.swift; path = AuthPresenter.swift; sourceTree = "<group>"; };
		24C042802C1062DC00746C39 /* OAuthTokenResponseBody.swift */ = {isa = PBXFileReference; lastKnownFileType = sourcecode.swift; path = OAuthTokenResponseBody.swift; sourceTree = "<group>"; };
		24C042822C106BD200746C39 /* OAuth2TokenStorage.swift */ = {isa = PBXFileReference; lastKnownFileType = sourcecode.swift; path = OAuth2TokenStorage.swift; sourceTree = "<group>"; };
		24C042852C107E7900746C39 /* SplashViewController.swift */ = {isa = PBXFileReference; lastKnownFileType = sourcecode.swift; path = SplashViewController.swift; sourceTree = "<group>"; };
		24C042892C11E1CE00746C39 /* KeychainService.swift */ = {isa = PBXFileReference; lastKnownFileType = sourcecode.swift; path = KeychainService.swift; sourceTree = "<group>"; };
		24C0428E2C1C3DEA00746C39 /* UIBlockingProgressHUD.swift */ = {isa = PBXFileReference; lastKnownFileType = sourcecode.swift; path = UIBlockingProgressHUD.swift; sourceTree = "<group>"; };
		24C042902C1C579D00746C39 /* ProfileService.swift */ = {isa = PBXFileReference; lastKnownFileType = sourcecode.swift; path = ProfileService.swift; sourceTree = "<group>"; };
		24C042922C1C585C00746C39 /* ProfileResult.swift */ = {isa = PBXFileReference; lastKnownFileType = sourcecode.swift; path = ProfileResult.swift; sourceTree = "<group>"; };
		24C0429A2C20206200746C39 /* ProfileImageService.swift */ = {isa = PBXFileReference; lastKnownFileType = sourcecode.swift; path = ProfileImageService.swift; sourceTree = "<group>"; };
		24C0429C2C20210300746C39 /* UserResult.swift */ = {isa = PBXFileReference; lastKnownFileType = sourcecode.swift; path = UserResult.swift; sourceTree = "<group>"; };
		24C0429F2C20990900746C39 /* NetworkService.swift */ = {isa = PBXFileReference; lastKnownFileType = sourcecode.swift; path = NetworkService.swift; sourceTree = "<group>"; };
		24C042A22C20B37C00746C39 /* AlertPresenter.swift */ = {isa = PBXFileReference; lastKnownFileType = sourcecode.swift; path = AlertPresenter.swift; sourceTree = "<group>"; };
		24C042A42C20B3CE00746C39 /* AlertModel.swift */ = {isa = PBXFileReference; lastKnownFileType = sourcecode.swift; path = AlertModel.swift; sourceTree = "<group>"; };
		24C042AC2C243D2500746C39 /* Logger.swift */ = {isa = PBXFileReference; lastKnownFileType = sourcecode.swift; path = Logger.swift; sourceTree = "<group>"; };
		24C496E52BF5F46400109D90 /* ProfileViewController.swift */ = {isa = PBXFileReference; lastKnownFileType = sourcecode.swift; path = ProfileViewController.swift; sourceTree = "<group>"; };
		24C496EB2BFB431F00109D90 /* SingleImageViewController.swift */ = {isa = PBXFileReference; lastKnownFileType = sourcecode.swift; path = SingleImageViewController.swift; sourceTree = "<group>"; };
		24FDC4492C2D52E300C9C9CA /* ImagesListService.swift */ = {isa = PBXFileReference; lastKnownFileType = sourcecode.swift; path = ImagesListService.swift; sourceTree = "<group>"; };
		24FDC44B2C2D547600C9C9CA /* Photo.swift */ = {isa = PBXFileReference; lastKnownFileType = sourcecode.swift; path = Photo.swift; sourceTree = "<group>"; };
		24FDC44D2C2D641B00C9C9CA /* PhotoResult.swift */ = {isa = PBXFileReference; lastKnownFileType = sourcecode.swift; path = PhotoResult.swift; sourceTree = "<group>"; };
/* End PBXFileReference section */

/* Begin PBXFrameworksBuildPhase section */
		247965F92BE8C57F00E53C29 /* Frameworks */ = {
			isa = PBXFrameworksBuildPhase;
			buildActionMask = 2147483647;
			files = (
				2475FF512C3463A800E83C55 /* Kingfisher in Frameworks */,
				24C042A82C2185EA00746C39 /* SkeletonView in Frameworks */,
				2475FF4F2C34639D00E83C55 /* ProgressHUD in Frameworks */,
			);
			runOnlyForDeploymentPostprocessing = 0;
		};
		248EAF802C455218002FEF84 /* Frameworks */ = {
			isa = PBXFrameworksBuildPhase;
			buildActionMask = 2147483647;
			files = (
			);
			runOnlyForDeploymentPostprocessing = 0;
		};
		248EAFB12C47B6EE002FEF84 /* Frameworks */ = {
			isa = PBXFrameworksBuildPhase;
			buildActionMask = 2147483647;
			files = (
			);
			runOnlyForDeploymentPostprocessing = 0;
		};
		248EAFC62C483F80002FEF84 /* Frameworks */ = {
			isa = PBXFrameworksBuildPhase;
			buildActionMask = 2147483647;
			files = (
			);
			runOnlyForDeploymentPostprocessing = 0;
		};
/* End PBXFrameworksBuildPhase section */

/* Begin PBXGroup section */
		2476C9602C35C95900AA4DE0 /* WebViewVC */ = {
			isa = PBXGroup;
			children = (
				24C042762C09DF7E00746C39 /* WebViewViewController.swift */,
			);
			path = WebViewVC;
			sourceTree = "<group>";
		};
		247965F32BE8C57F00E53C29 = {
			isa = PBXGroup;
			children = (
				247965FE2BE8C58000E53C29 /* ImageFeed */,
				248EAFB52C47B6EE002FEF84 /* ImagesListTests */,
				248EAF842C455218002FEF84 /* ImageFeedTests */,
				248EAFCA2C483F81002FEF84 /* ImageFeedUITests */,
				247965FD2BE8C58000E53C29 /* Products */,
			);
			sourceTree = "<group>";
		};
		247965FD2BE8C58000E53C29 /* Products */ = {
			isa = PBXGroup;
			children = (
				247965FC2BE8C58000E53C29 /* ImageFeed.app */,
				248EAF832C455218002FEF84 /* ImageFeedTests.xctest */,
				248EAFB42C47B6EE002FEF84 /* ImagesListTests.xctest */,
				248EAFC92C483F80002FEF84 /* ImageFeedUITests.xctest */,
			);
			name = Products;
			sourceTree = "<group>";
		};
		247965FE2BE8C58000E53C29 /* ImageFeed */ = {
			isa = PBXGroup;
			children = (
				248EAF962C46D27B002FEF84 /* Extensions */,
				247965FF2BE8C58000E53C29 /* AppDelegate.swift */,
				247966012BE8C58000E53C29 /* SceneDelegate.swift */,
				24C042722C08C5F000746C39 /* AuthConfiguration.swift */,
				248EAFE92C4AE697002FEF84 /* APIEndpoints.swift */,
				248EAFEB2C4AE6BE002FEF84 /* Constants.swift */,
				24C042AC2C243D2500746C39 /* Logger.swift */,
				24C0428E2C1C3DEA00746C39 /* UIBlockingProgressHUD.swift */,
				24C042A12C20B35F00746C39 /* Alert */,
				24C0429E2C2098DD00746C39 /* Network */,
				24C042842C107E4300746C39 /* SplashVC */,
				24C496E82BFB406900109D90 /* Auth */,
				2476C9602C35C95900AA4DE0 /* WebViewVC */,
				247966352BEA3F2600E53C29 /* ImagesList */,
				24C496E92BFB408F00109D90 /* SingleImage */,
				24C496E72BFB401D00109D90 /* Profile */,
				24C496EA2BFB414300109D90 /* Resources */,
			);
			path = ImageFeed;
			sourceTree = "<group>";
		};
		247966352BEA3F2600E53C29 /* ImagesList */ = {
			isa = PBXGroup;
			children = (
				248EAFF92C4E4408002FEF84 /* ImagesListService */,
				24FDC4482C2D52B500C9C9CA /* Model */,
				247966032BE8C58000E53C29 /* ImagesListViewController.swift */,
				247966332BEA3B9500E53C29 /* ImagesListCell.swift */,
				248EAF902C46C0A0002FEF84 /* ImagesListPresenter.swift */,
			);
			path = ImagesList;
			sourceTree = "<group>";
		};
		248EAF842C455218002FEF84 /* ImageFeedTests */ = {
			isa = PBXGroup;
			children = (
				248EAFA72C47B275002FEF84 /* ProfileTests */,
				248EAFA62C47B25F002FEF84 /* WebViewTests */,
			);
			path = ImageFeedTests;
			sourceTree = "<group>";
		};
		248EAF962C46D27B002FEF84 /* Extensions */ = {
			isa = PBXGroup;
			children = (
				248EAF922C46CB89002FEF84 /* Array+Extensions.swift */,
				248EAF942C46D076002FEF84 /* DateFormatter+Extensions.swift */,
			);
			path = Extensions;
			sourceTree = "<group>";
		};
		248EAFA62C47B25F002FEF84 /* WebViewTests */ = {
			isa = PBXGroup;
			children = (
				248EAF852C455218002FEF84 /* WebViewTests.swift */,
				248EAFAC2C47B32E002FEF84 /* WebViewPresenterSpy.swift */,
				248EAFAE2C47B36A002FEF84 /* WebViewViewControllerSpy.swift */,
			);
			path = WebViewTests;
			sourceTree = "<group>";
		};
		248EAFA72C47B275002FEF84 /* ProfileTests */ = {
			isa = PBXGroup;
			children = (
				248EAF9D2C470546002FEF84 /* ProfileTests.swift */,
				248EAFA82C47B2B2002FEF84 /* ProfilePresenterMock.swift */,
				248EAFAA2C47B2F2002FEF84 /* ProfileViewControllerSpy.swift */,
			);
			path = ProfileTests;
			sourceTree = "<group>";
		};
		248EAFB52C47B6EE002FEF84 /* ImagesListTests */ = {
			isa = PBXGroup;
			children = (
				248EAFB62C47B6EE002FEF84 /* ImagesListTests.swift */,
				248EAFBD2C47B7BF002FEF84 /* ImagesListPresenterMock.swift */,
				248EAFBF2C47B81D002FEF84 /* ImagesListViewControllerSpy.swift */,
				248EAFC32C4823C6002FEF84 /* UITableViewMock.swift */,
			);
			path = ImagesListTests;
			sourceTree = "<group>";
		};
		248EAFCA2C483F81002FEF84 /* ImageFeedUITests */ = {
			isa = PBXGroup;
			children = (
				248EAFCB2C483F81002FEF84 /* ImageFeedUITests.swift */,
				247DB8692C4E72A70021BAE6 /* ImageFeedUITestsTestFeed.swift */,
			);
			path = ImageFeedUITests;
			sourceTree = "<group>";
		};
		248EAFDC2C490964002FEF84 /* ProfileImage */ = {
			isa = PBXGroup;
			children = (
				24C0429A2C20206200746C39 /* ProfileImageService.swift */,
				248EAFD42C4901E3002FEF84 /* ProfileImageRequestHelper.swift */,
				248EAFD62C490206002FEF84 /* ProfileImageResponseHelper.swift */,
				248EAFF52C4E4317002FEF84 /* MockProfileImageService.swift */,
			);
			path = ProfileImage;
			sourceTree = "<group>";
		};
		248EAFDD2C4909F8002FEF84 /* ProfileService */ = {
			isa = PBXGroup;
			children = (
				24C042902C1C579D00746C39 /* ProfileService.swift */,
				248EAFFA2C4E4430002FEF84 /* MockProfileService.swift */,
			);
			path = ProfileService;
			sourceTree = "<group>";
		};
		248EAFE02C492A07002FEF84 /* OAuth2Service */ = {
			isa = PBXGroup;
			children = (
				24C042972C1C643A00746C39 /* Model */,
				24C0427A2C0F053500746C39 /* OAuth2Service.swift */,
				248EAFE32C492ABD002FEF84 /* OAuth2ParserHelper.swift */,
				248EAFE12C492A62002FEF84 /* OAuth2RequestHelper.swift */,
				248EAFF72C4E439B002FEF84 /* MockOAuth2TokenStorage.swift */,
				24C042892C11E1CE00746C39 /* KeychainService.swift */,
			);
			path = OAuth2Service;
			sourceTree = "<group>";
		};
		248EAFF92C4E4408002FEF84 /* ImagesListService */ = {
			isa = PBXGroup;
			children = (
				24FDC4492C2D52E300C9C9CA /* ImagesListService.swift */,
				248EAFD82C4906B2002FEF84 /* ImagesListLikeHelper.swift */,
				248EAFDA2C4906E2002FEF84 /* ImagesListPhotosHelper.swift */,
				248EAFF12C4E4271002FEF84 /* MockImagesListService.swift */,
			);
			path = ImagesListService;
			sourceTree = "<group>";
		};
		24C042842C107E4300746C39 /* SplashVC */ = {
			isa = PBXGroup;
			children = (
				24C042852C107E7900746C39 /* SplashViewController.swift */,
			);
			path = SplashVC;
			sourceTree = "<group>";
		};
		24C042962C1C642000746C39 /* Model */ = {
			isa = PBXGroup;
			children = (
				24C042922C1C585C00746C39 /* ProfileResult.swift */,
				24C0429C2C20210300746C39 /* UserResult.swift */,
			);
			path = Model;
			sourceTree = "<group>";
		};
		24C042972C1C643A00746C39 /* Model */ = {
			isa = PBXGroup;
			children = (
				24C042822C106BD200746C39 /* OAuth2TokenStorage.swift */,
				24C042802C1062DC00746C39 /* OAuthTokenResponseBody.swift */,
			);
			path = Model;
			sourceTree = "<group>";
		};
		24C0429E2C2098DD00746C39 /* Network */ = {
			isa = PBXGroup;
			children = (
				24C0429F2C20990900746C39 /* NetworkService.swift */,
				24C0427C2C0F0B1200746C39 /* NetworkErrorHandler.swift */,
				2475FF472C32B0B900E83C55 /* GenericNetworkService.swift */,
				248EAFED2C4AE787002FEF84 /* NetworkError.swift */,
			);
			path = Network;
			sourceTree = "<group>";
		};
		24C042A12C20B35F00746C39 /* Alert */ = {
			isa = PBXGroup;
			children = (
				24C042A22C20B37C00746C39 /* AlertPresenter.swift */,
				24C042A42C20B3CE00746C39 /* AlertModel.swift */,
			);
			path = Alert;
			sourceTree = "<group>";
		};
		24C496E72BFB401D00109D90 /* Profile */ = {
			isa = PBXGroup;
			children = (
				248EAFDD2C4909F8002FEF84 /* ProfileService */,
				248EAFDC2C490964002FEF84 /* ProfileImage */,
				24C042962C1C642000746C39 /* Model */,
				24C496E52BF5F46400109D90 /* ProfileViewController.swift */,
				2476C95C2C34949400AA4DE0 /* ProfileLogoutService.swift */,
				2476C95E2C35AD5600AA4DE0 /* ProfileLoadingView.swift */,
				248EAF8C2C46835D002FEF84 /* ProfilePresenter.swift */,
			);
			path = Profile;
			sourceTree = "<group>";
		};
		24C496E82BFB406900109D90 /* Auth */ = {
			isa = PBXGroup;
			children = (
				248EAFE02C492A07002FEF84 /* OAuth2Service */,
				24C042742C09D03700746C39 /* AuthViewController.swift */,
				24C0427E2C0F315D00746C39 /* AuthPresenter.swift */,
				248EAF7D2C4540F1002FEF84 /* AuthHelper.swift */,
			);
			path = Auth;
			sourceTree = "<group>";
		};
		24C496E92BFB408F00109D90 /* SingleImage */ = {
			isa = PBXGroup;
			children = (
				24C496EB2BFB431F00109D90 /* SingleImageViewController.swift */,
			);
			path = SingleImage;
			sourceTree = "<group>";
		};
		24C496EA2BFB414300109D90 /* Resources */ = {
			isa = PBXGroup;
			children = (
				247966082BE8C58100E53C29 /* Assets.xcassets */,
				2479660A2BE8C58100E53C29 /* LaunchScreen.storyboard */,
				2479660D2BE8C58100E53C29 /* Info.plist */,
			);
			path = Resources;
			sourceTree = "<group>";
		};
		24FDC4482C2D52B500C9C9CA /* Model */ = {
			isa = PBXGroup;
			children = (
				24FDC44B2C2D547600C9C9CA /* Photo.swift */,
				24FDC44D2C2D641B00C9C9CA /* PhotoResult.swift */,
			);
			path = Model;
			sourceTree = "<group>";
		};
/* End PBXGroup section */

/* Begin PBXNativeTarget section */
		247965FB2BE8C57F00E53C29 /* ImageFeed */ = {
			isa = PBXNativeTarget;
			buildConfigurationList = 247966102BE8C58100E53C29 /* Build configuration list for PBXNativeTarget "ImageFeed" */;
			buildPhases = (
				247965F82BE8C57F00E53C29 /* Sources */,
				247965F92BE8C57F00E53C29 /* Frameworks */,
				247965FA2BE8C57F00E53C29 /* Resources */,
			);
			buildRules = (
			);
			dependencies = (
			);
			name = ImageFeed;
			packageProductDependencies = (
				24C042A72C2185EA00746C39 /* SkeletonView */,
				2475FF4E2C34639D00E83C55 /* ProgressHUD */,
				2475FF502C3463A800E83C55 /* Kingfisher */,
			);
			productName = ImageFeed;
			productReference = 247965FC2BE8C58000E53C29 /* ImageFeed.app */;
			productType = "com.apple.product-type.application";
		};
		248EAF822C455218002FEF84 /* ImageFeedTests */ = {
			isa = PBXNativeTarget;
			buildConfigurationList = 248EAF892C455218002FEF84 /* Build configuration list for PBXNativeTarget "ImageFeedTests" */;
			buildPhases = (
				248EAF7F2C455218002FEF84 /* Sources */,
				248EAF802C455218002FEF84 /* Frameworks */,
				248EAF812C455218002FEF84 /* Resources */,
			);
			buildRules = (
			);
			dependencies = (
				248EAF882C455218002FEF84 /* PBXTargetDependency */,
			);
			name = ImageFeedTests;
			productName = ImageFeedTests;
			productReference = 248EAF832C455218002FEF84 /* ImageFeedTests.xctest */;
			productType = "com.apple.product-type.bundle.unit-test";
		};
		248EAFB32C47B6EE002FEF84 /* ImagesListTests */ = {
			isa = PBXNativeTarget;
			buildConfigurationList = 248EAFBA2C47B6EE002FEF84 /* Build configuration list for PBXNativeTarget "ImagesListTests" */;
			buildPhases = (
				248EAFB02C47B6EE002FEF84 /* Sources */,
				248EAFB12C47B6EE002FEF84 /* Frameworks */,
				248EAFB22C47B6EE002FEF84 /* Resources */,
			);
			buildRules = (
			);
			dependencies = (
				248EAFB92C47B6EE002FEF84 /* PBXTargetDependency */,
			);
			name = ImagesListTests;
			productName = ImagesListTests;
			productReference = 248EAFB42C47B6EE002FEF84 /* ImagesListTests.xctest */;
			productType = "com.apple.product-type.bundle.unit-test";
		};
		248EAFC82C483F80002FEF84 /* ImageFeedUITests */ = {
			isa = PBXNativeTarget;
			buildConfigurationList = 248EAFD12C483F81002FEF84 /* Build configuration list for PBXNativeTarget "ImageFeedUITests" */;
			buildPhases = (
				248EAFC52C483F80002FEF84 /* Sources */,
				248EAFC62C483F80002FEF84 /* Frameworks */,
				248EAFC72C483F80002FEF84 /* Resources */,
			);
			buildRules = (
			);
			dependencies = (
				248EAFD02C483F81002FEF84 /* PBXTargetDependency */,
			);
			name = ImageFeedUITests;
			productName = ImageFeedUITests;
			productReference = 248EAFC92C483F80002FEF84 /* ImageFeedUITests.xctest */;
			productType = "com.apple.product-type.bundle.ui-testing";
		};
/* End PBXNativeTarget section */

/* Begin PBXProject section */
		247965F42BE8C57F00E53C29 /* Project object */ = {
			isa = PBXProject;
			attributes = {
				BuildIndependentTargetsInParallel = 1;
				LastSwiftUpdateCheck = 1540;
				LastUpgradeCheck = 1530;
				TargetAttributes = {
					247965FB2BE8C57F00E53C29 = {
						CreatedOnToolsVersion = 15.3;
					};
					248EAF822C455218002FEF84 = {
						CreatedOnToolsVersion = 15.4;
						TestTargetID = 247965FB2BE8C57F00E53C29;
					};
					248EAFB32C47B6EE002FEF84 = {
						CreatedOnToolsVersion = 15.4;
						TestTargetID = 247965FB2BE8C57F00E53C29;
					};
					248EAFC82C483F80002FEF84 = {
						CreatedOnToolsVersion = 15.4;
						TestTargetID = 247965FB2BE8C57F00E53C29;
					};
				};
			};
			buildConfigurationList = 247965F72BE8C57F00E53C29 /* Build configuration list for PBXProject "ImageFeed" */;
			compatibilityVersion = "Xcode 14.0";
			developmentRegion = en;
			hasScannedForEncodings = 0;
			knownRegions = (
				en,
				Base,
			);
			mainGroup = 247965F32BE8C57F00E53C29;
			packageReferences = (
				24C042A62C2185EA00746C39 /* XCRemoteSwiftPackageReference "SkeletonView" */,
				24C042A92C21A25700746C39 /* XCRemoteSwiftPackageReference "Kingfisher" */,
				2475FF4B2C34601600E83C55 /* XCRemoteSwiftPackageReference "ProgressHUD" */,
			);
			productRefGroup = 247965FD2BE8C58000E53C29 /* Products */;
			projectDirPath = "";
			projectRoot = "";
			targets = (
				247965FB2BE8C57F00E53C29 /* ImageFeed */,
				248EAF822C455218002FEF84 /* ImageFeedTests */,
				248EAFB32C47B6EE002FEF84 /* ImagesListTests */,
				248EAFC82C483F80002FEF84 /* ImageFeedUITests */,
			);
		};
/* End PBXProject section */

/* Begin PBXResourcesBuildPhase section */
		247965FA2BE8C57F00E53C29 /* Resources */ = {
			isa = PBXResourcesBuildPhase;
			buildActionMask = 2147483647;
			files = (
				247966092BE8C58100E53C29 /* Assets.xcassets in Resources */,
				2479660C2BE8C58100E53C29 /* Base in Resources */,
			);
			runOnlyForDeploymentPostprocessing = 0;
		};
		248EAF812C455218002FEF84 /* Resources */ = {
			isa = PBXResourcesBuildPhase;
			buildActionMask = 2147483647;
			files = (
			);
			runOnlyForDeploymentPostprocessing = 0;
		};
		248EAFB22C47B6EE002FEF84 /* Resources */ = {
			isa = PBXResourcesBuildPhase;
			buildActionMask = 2147483647;
			files = (
			);
			runOnlyForDeploymentPostprocessing = 0;
		};
		248EAFC72C483F80002FEF84 /* Resources */ = {
			isa = PBXResourcesBuildPhase;
			buildActionMask = 2147483647;
			files = (
			);
			runOnlyForDeploymentPostprocessing = 0;
		};
/* End PBXResourcesBuildPhase section */

/* Begin PBXSourcesBuildPhase section */
		247965F82BE8C57F00E53C29 /* Sources */ = {
			isa = PBXSourcesBuildPhase;
			buildActionMask = 2147483647;
			files = (
				24C042A02C20990900746C39 /* NetworkService.swift in Sources */,
				247966042BE8C58000E53C29 /* ImagesListViewController.swift in Sources */,
				247966342BEA3B9500E53C29 /* ImagesListCell.swift in Sources */,
				2475FF482C32B0B900E83C55 /* GenericNetworkService.swift in Sources */,
				24FDC44C2C2D547600C9C9CA /* Photo.swift in Sources */,
				24C042932C1C585C00746C39 /* ProfileResult.swift in Sources */,
				248EAFDB2C4906E2002FEF84 /* ImagesListPhotosHelper.swift in Sources */,
				24C042A52C20B3CE00746C39 /* AlertModel.swift in Sources */,
				24C496E62BF5F46400109D90 /* ProfileViewController.swift in Sources */,
				248EAFE22C492A62002FEF84 /* OAuth2RequestHelper.swift in Sources */,
				247966002BE8C58000E53C29 /* AppDelegate.swift in Sources */,
				248EAFF22C4E4271002FEF84 /* MockImagesListService.swift in Sources */,
				24C0427B2C0F053500746C39 /* OAuth2Service.swift in Sources */,
				24FDC44E2C2D641B00C9C9CA /* PhotoResult.swift in Sources */,
				248EAF8D2C46835D002FEF84 /* ProfilePresenter.swift in Sources */,
				24C042752C09D03700746C39 /* AuthViewController.swift in Sources */,
				248EAFD92C4906B2002FEF84 /* ImagesListLikeHelper.swift in Sources */,
				24C0427F2C0F315D00746C39 /* AuthPresenter.swift in Sources */,
				248EAF912C46C0A0002FEF84 /* ImagesListPresenter.swift in Sources */,
				247DB87F2C4E84A40021BAE6 /* MockOAuth2TokenStorage.swift in Sources */,
				24C0427D2C0F0B1200746C39 /* NetworkErrorHandler.swift in Sources */,
				24C042732C08C5F000746C39 /* AuthConfiguration.swift in Sources */,
				24C0429D2C20210300746C39 /* UserResult.swift in Sources */,
				24C042812C1062DC00746C39 /* OAuthTokenResponseBody.swift in Sources */,
				24C496EC2BFB431F00109D90 /* SingleImageViewController.swift in Sources */,
				248EAFEC2C4AE6BE002FEF84 /* Constants.swift in Sources */,
				248EAFEE2C4AE787002FEF84 /* NetworkError.swift in Sources */,
				24C042912C1C579D00746C39 /* ProfileService.swift in Sources */,
				24C042A32C20B37C00746C39 /* AlertPresenter.swift in Sources */,
				24C042832C106BD200746C39 /* OAuth2TokenStorage.swift in Sources */,
				2476C95F2C35AD5600AA4DE0 /* ProfileLoadingView.swift in Sources */,
				248EAFD52C4901E4002FEF84 /* ProfileImageRequestHelper.swift in Sources */,
				24C0429B2C20206200746C39 /* ProfileImageService.swift in Sources */,
				24C042772C09DF7E00746C39 /* WebViewViewController.swift in Sources */,
				248EAF952C46D076002FEF84 /* DateFormatter+Extensions.swift in Sources */,
				2476C95D2C34949400AA4DE0 /* ProfileLogoutService.swift in Sources */,
				24C042AD2C243D2500746C39 /* Logger.swift in Sources */,
				248EAFE42C492ABD002FEF84 /* OAuth2ParserHelper.swift in Sources */,
				248EAFF62C4E4317002FEF84 /* MockProfileImageService.swift in Sources */,
				24C0428A2C11E1CE00746C39 /* KeychainService.swift in Sources */,
				247966022BE8C58000E53C29 /* SceneDelegate.swift in Sources */,
				24FDC44A2C2D52E300C9C9CA /* ImagesListService.swift in Sources */,
				248EAFFB2C4E4430002FEF84 /* MockProfileService.swift in Sources */,
				248EAF932C46CB89002FEF84 /* Array+Extensions.swift in Sources */,
				248EAF7E2C4540F1002FEF84 /* AuthHelper.swift in Sources */,
				24C042862C107E7900746C39 /* SplashViewController.swift in Sources */,
				248EAFD72C490206002FEF84 /* ProfileImageResponseHelper.swift in Sources */,
				248EAFEA2C4AE697002FEF84 /* APIEndpoints.swift in Sources */,
				24C0428F2C1C3DEA00746C39 /* UIBlockingProgressHUD.swift in Sources */,
			);
			runOnlyForDeploymentPostprocessing = 0;
		};
		248EAF7F2C455218002FEF84 /* Sources */ = {
			isa = PBXSourcesBuildPhase;
			buildActionMask = 2147483647;
			files = (
				248EAFAD2C47B32E002FEF84 /* WebViewPresenterSpy.swift in Sources */,
				248EAFAF2C47B36A002FEF84 /* WebViewViewControllerSpy.swift in Sources */,
				248EAF862C455218002FEF84 /* WebViewTests.swift in Sources */,
				248EAFAB2C47B2F2002FEF84 /* ProfileViewControllerSpy.swift in Sources */,
				248EAFA42C47054F002FEF84 /* ProfileTests.swift in Sources */,
				248EAFA92C47B2B2002FEF84 /* ProfilePresenterMock.swift in Sources */,
			);
			runOnlyForDeploymentPostprocessing = 0;
		};
		248EAFB02C47B6EE002FEF84 /* Sources */ = {
			isa = PBXSourcesBuildPhase;
			buildActionMask = 2147483647;
			files = (
				248EAFBE2C47B7BF002FEF84 /* ImagesListPresenterMock.swift in Sources */,
				248EAFC02C47B81D002FEF84 /* ImagesListViewControllerSpy.swift in Sources */,
				248EAFB72C47B6EE002FEF84 /* ImagesListTests.swift in Sources */,
				248EAFC42C4823C6002FEF84 /* UITableViewMock.swift in Sources */,
			);
			runOnlyForDeploymentPostprocessing = 0;
		};
		248EAFC52C483F80002FEF84 /* Sources */ = {
			isa = PBXSourcesBuildPhase;
			buildActionMask = 2147483647;
			files = (
				248EAFCC2C483F81002FEF84 /* ImageFeedUITests.swift in Sources */,
				247DB86A2C4E72A70021BAE6 /* ImageFeedUITestsTestFeed.swift in Sources */,
			);
			runOnlyForDeploymentPostprocessing = 0;
		};
/* End PBXSourcesBuildPhase section */

/* Begin PBXTargetDependency section */
		248EAF882C455218002FEF84 /* PBXTargetDependency */ = {
			isa = PBXTargetDependency;
			target = 247965FB2BE8C57F00E53C29 /* ImageFeed */;
			targetProxy = 248EAF872C455218002FEF84 /* PBXContainerItemProxy */;
		};
		248EAFB92C47B6EE002FEF84 /* PBXTargetDependency */ = {
			isa = PBXTargetDependency;
			target = 247965FB2BE8C57F00E53C29 /* ImageFeed */;
			targetProxy = 248EAFB82C47B6EE002FEF84 /* PBXContainerItemProxy */;
		};
		248EAFD02C483F81002FEF84 /* PBXTargetDependency */ = {
			isa = PBXTargetDependency;
			target = 247965FB2BE8C57F00E53C29 /* ImageFeed */;
			targetProxy = 248EAFCF2C483F81002FEF84 /* PBXContainerItemProxy */;
		};
/* End PBXTargetDependency section */

/* Begin PBXVariantGroup section */
		2479660A2BE8C58100E53C29 /* LaunchScreen.storyboard */ = {
			isa = PBXVariantGroup;
			children = (
				2479660B2BE8C58100E53C29 /* Base */,
			);
			name = LaunchScreen.storyboard;
			sourceTree = "<group>";
		};
/* End PBXVariantGroup section */

/* Begin XCBuildConfiguration section */
		2479660E2BE8C58100E53C29 /* Debug */ = {
			isa = XCBuildConfiguration;
			buildSettings = {
				ALWAYS_SEARCH_USER_PATHS = NO;
				ASSETCATALOG_COMPILER_GENERATE_SWIFT_ASSET_SYMBOL_EXTENSIONS = YES;
				CLANG_ANALYZER_NONNULL = YES;
				CLANG_ANALYZER_NUMBER_OBJECT_CONVERSION = YES_AGGRESSIVE;
				CLANG_CXX_LANGUAGE_STANDARD = "gnu++20";
				CLANG_ENABLE_MODULES = YES;
				CLANG_ENABLE_OBJC_ARC = YES;
				CLANG_ENABLE_OBJC_WEAK = YES;
				CLANG_WARN_BLOCK_CAPTURE_AUTORELEASING = YES;
				CLANG_WARN_BOOL_CONVERSION = YES;
				CLANG_WARN_COMMA = YES;
				CLANG_WARN_CONSTANT_CONVERSION = YES;
				CLANG_WARN_DEPRECATED_OBJC_IMPLEMENTATIONS = YES;
				CLANG_WARN_DIRECT_OBJC_ISA_USAGE = YES_ERROR;
				CLANG_WARN_DOCUMENTATION_COMMENTS = YES;
				CLANG_WARN_EMPTY_BODY = YES;
				CLANG_WARN_ENUM_CONVERSION = YES;
				CLANG_WARN_INFINITE_RECURSION = YES;
				CLANG_WARN_INT_CONVERSION = YES;
				CLANG_WARN_NON_LITERAL_NULL_CONVERSION = YES;
				CLANG_WARN_OBJC_IMPLICIT_RETAIN_SELF = YES;
				CLANG_WARN_OBJC_LITERAL_CONVERSION = YES;
				CLANG_WARN_OBJC_ROOT_CLASS = YES_ERROR;
				CLANG_WARN_QUOTED_INCLUDE_IN_FRAMEWORK_HEADER = YES;
				CLANG_WARN_RANGE_LOOP_ANALYSIS = YES;
				CLANG_WARN_STRICT_PROTOTYPES = YES;
				CLANG_WARN_SUSPICIOUS_MOVE = YES;
				CLANG_WARN_UNGUARDED_AVAILABILITY = YES_AGGRESSIVE;
				CLANG_WARN_UNREACHABLE_CODE = YES;
				CLANG_WARN__DUPLICATE_METHOD_MATCH = YES;
				COPY_PHASE_STRIP = NO;
				DEBUG_INFORMATION_FORMAT = dwarf;
				ENABLE_STRICT_OBJC_MSGSEND = YES;
				ENABLE_TESTABILITY = YES;
				ENABLE_USER_SCRIPT_SANDBOXING = YES;
				GCC_C_LANGUAGE_STANDARD = gnu17;
				GCC_DYNAMIC_NO_PIC = NO;
				GCC_NO_COMMON_BLOCKS = YES;
				GCC_OPTIMIZATION_LEVEL = 0;
				GCC_PREPROCESSOR_DEFINITIONS = (
					"DEBUG=1",
					"$(inherited)",
				);
				GCC_WARN_64_TO_32_BIT_CONVERSION = YES;
				GCC_WARN_ABOUT_RETURN_TYPE = YES_ERROR;
				GCC_WARN_UNDECLARED_SELECTOR = YES;
				GCC_WARN_UNINITIALIZED_AUTOS = YES_AGGRESSIVE;
				GCC_WARN_UNUSED_FUNCTION = YES;
				GCC_WARN_UNUSED_VARIABLE = YES;
				IPHONEOS_DEPLOYMENT_TARGET = 13.0;
				LOCALIZATION_PREFERS_STRING_CATALOGS = YES;
				MTL_ENABLE_DEBUG_INFO = INCLUDE_SOURCE;
				MTL_FAST_MATH = YES;
				ONLY_ACTIVE_ARCH = YES;
				SDKROOT = iphoneos;
				SWIFT_ACTIVE_COMPILATION_CONDITIONS = "DEBUG $(inherited)";
				SWIFT_OPTIMIZATION_LEVEL = "-Onone";
			};
			name = Debug;
		};
		2479660F2BE8C58100E53C29 /* Release */ = {
			isa = XCBuildConfiguration;
			buildSettings = {
				ALWAYS_SEARCH_USER_PATHS = NO;
				ASSETCATALOG_COMPILER_GENERATE_SWIFT_ASSET_SYMBOL_EXTENSIONS = YES;
				CLANG_ANALYZER_NONNULL = YES;
				CLANG_ANALYZER_NUMBER_OBJECT_CONVERSION = YES_AGGRESSIVE;
				CLANG_CXX_LANGUAGE_STANDARD = "gnu++20";
				CLANG_ENABLE_MODULES = YES;
				CLANG_ENABLE_OBJC_ARC = YES;
				CLANG_ENABLE_OBJC_WEAK = YES;
				CLANG_WARN_BLOCK_CAPTURE_AUTORELEASING = YES;
				CLANG_WARN_BOOL_CONVERSION = YES;
				CLANG_WARN_COMMA = YES;
				CLANG_WARN_CONSTANT_CONVERSION = YES;
				CLANG_WARN_DEPRECATED_OBJC_IMPLEMENTATIONS = YES;
				CLANG_WARN_DIRECT_OBJC_ISA_USAGE = YES_ERROR;
				CLANG_WARN_DOCUMENTATION_COMMENTS = YES;
				CLANG_WARN_EMPTY_BODY = YES;
				CLANG_WARN_ENUM_CONVERSION = YES;
				CLANG_WARN_INFINITE_RECURSION = YES;
				CLANG_WARN_INT_CONVERSION = YES;
				CLANG_WARN_NON_LITERAL_NULL_CONVERSION = YES;
				CLANG_WARN_OBJC_IMPLICIT_RETAIN_SELF = YES;
				CLANG_WARN_OBJC_LITERAL_CONVERSION = YES;
				CLANG_WARN_OBJC_ROOT_CLASS = YES_ERROR;
				CLANG_WARN_QUOTED_INCLUDE_IN_FRAMEWORK_HEADER = YES;
				CLANG_WARN_RANGE_LOOP_ANALYSIS = YES;
				CLANG_WARN_STRICT_PROTOTYPES = YES;
				CLANG_WARN_SUSPICIOUS_MOVE = YES;
				CLANG_WARN_UNGUARDED_AVAILABILITY = YES_AGGRESSIVE;
				CLANG_WARN_UNREACHABLE_CODE = YES;
				CLANG_WARN__DUPLICATE_METHOD_MATCH = YES;
				COPY_PHASE_STRIP = NO;
				DEBUG_INFORMATION_FORMAT = "dwarf-with-dsym";
				ENABLE_NS_ASSERTIONS = NO;
				ENABLE_STRICT_OBJC_MSGSEND = YES;
				ENABLE_USER_SCRIPT_SANDBOXING = YES;
				GCC_C_LANGUAGE_STANDARD = gnu17;
				GCC_NO_COMMON_BLOCKS = YES;
				GCC_WARN_64_TO_32_BIT_CONVERSION = YES;
				GCC_WARN_ABOUT_RETURN_TYPE = YES_ERROR;
				GCC_WARN_UNDECLARED_SELECTOR = YES;
				GCC_WARN_UNINITIALIZED_AUTOS = YES_AGGRESSIVE;
				GCC_WARN_UNUSED_FUNCTION = YES;
				GCC_WARN_UNUSED_VARIABLE = YES;
				IPHONEOS_DEPLOYMENT_TARGET = 13.0;
				LOCALIZATION_PREFERS_STRING_CATALOGS = YES;
				MTL_ENABLE_DEBUG_INFO = NO;
				MTL_FAST_MATH = YES;
				SDKROOT = iphoneos;
				SWIFT_COMPILATION_MODE = wholemodule;
				VALIDATE_PRODUCT = YES;
			};
			name = Release;
		};
		247966112BE8C58100E53C29 /* Debug */ = {
			isa = XCBuildConfiguration;
			buildSettings = {
				ASSETCATALOG_COMPILER_APPICON_NAME = AppIcon;
				ASSETCATALOG_COMPILER_GLOBAL_ACCENT_COLOR_NAME = AccentColor;
				CODE_SIGN_STYLE = Automatic;
				CURRENT_PROJECT_VERSION = 1;
				DEVELOPMENT_TEAM = B497B3XW8R;
				GENERATE_INFOPLIST_FILE = YES;
				INFOPLIST_FILE = ImageFeed/Resources/Info.plist;
				INFOPLIST_KEY_UIApplicationSupportsIndirectInputEvents = YES;
				INFOPLIST_KEY_UILaunchStoryboardName = LaunchScreen;
				INFOPLIST_KEY_UIMainStoryboardFile = "";
				INFOPLIST_KEY_UISupportedInterfaceOrientations = UIInterfaceOrientationPortrait;
				INFOPLIST_KEY_UISupportedInterfaceOrientations_iPad = "UIInterfaceOrientationLandscapeLeft UIInterfaceOrientationLandscapeRight UIInterfaceOrientationPortrait UIInterfaceOrientationPortraitUpsideDown";
				IPHONEOS_DEPLOYMENT_TARGET = 13.0;
				LD_RUNPATH_SEARCH_PATHS = (
					"$(inherited)",
					"@executable_path/Frameworks",
				);
				MARKETING_VERSION = 1.0;
				PRODUCT_BUNDLE_IDENTIFIER = "Lyashenko-KV.ImageFeed";
				PRODUCT_NAME = "$(TARGET_NAME)";
				SUPPORTED_PLATFORMS = "iphoneos iphonesimulator";
				SUPPORTS_MACCATALYST = NO;
				SUPPORTS_MAC_DESIGNED_FOR_IPHONE_IPAD = NO;
				SUPPORTS_XR_DESIGNED_FOR_IPHONE_IPAD = NO;
				SWIFT_EMIT_LOC_STRINGS = YES;
				SWIFT_VERSION = 5.0;
				TARGETED_DEVICE_FAMILY = 1;
			};
			name = Debug;
		};
		247966122BE8C58100E53C29 /* Release */ = {
			isa = XCBuildConfiguration;
			buildSettings = {
				ASSETCATALOG_COMPILER_APPICON_NAME = AppIcon;
				ASSETCATALOG_COMPILER_GLOBAL_ACCENT_COLOR_NAME = AccentColor;
				CODE_SIGN_STYLE = Automatic;
				CURRENT_PROJECT_VERSION = 1;
				DEVELOPMENT_TEAM = B497B3XW8R;
				GENERATE_INFOPLIST_FILE = YES;
				INFOPLIST_FILE = ImageFeed/Resources/Info.plist;
				INFOPLIST_KEY_UIApplicationSupportsIndirectInputEvents = YES;
				INFOPLIST_KEY_UILaunchStoryboardName = LaunchScreen;
				INFOPLIST_KEY_UIMainStoryboardFile = "";
				INFOPLIST_KEY_UISupportedInterfaceOrientations = UIInterfaceOrientationPortrait;
				INFOPLIST_KEY_UISupportedInterfaceOrientations_iPad = "UIInterfaceOrientationLandscapeLeft UIInterfaceOrientationLandscapeRight UIInterfaceOrientationPortrait UIInterfaceOrientationPortraitUpsideDown";
				IPHONEOS_DEPLOYMENT_TARGET = 13.0;
				LD_RUNPATH_SEARCH_PATHS = (
					"$(inherited)",
					"@executable_path/Frameworks",
				);
				MARKETING_VERSION = 1.0;
				PRODUCT_BUNDLE_IDENTIFIER = "Lyashenko-KV.ImageFeed";
				PRODUCT_NAME = "$(TARGET_NAME)";
				SUPPORTED_PLATFORMS = "iphoneos iphonesimulator";
				SUPPORTS_MACCATALYST = NO;
				SUPPORTS_MAC_DESIGNED_FOR_IPHONE_IPAD = NO;
				SUPPORTS_XR_DESIGNED_FOR_IPHONE_IPAD = NO;
				SWIFT_EMIT_LOC_STRINGS = YES;
				SWIFT_VERSION = 5.0;
				TARGETED_DEVICE_FAMILY = 1;
			};
			name = Release;
		};
		248EAF8A2C455218002FEF84 /* Debug */ = {
			isa = XCBuildConfiguration;
			buildSettings = {
				BUNDLE_LOADER = "$(TEST_HOST)";
				CODE_SIGN_STYLE = Automatic;
				CURRENT_PROJECT_VERSION = 1;
				DEVELOPMENT_TEAM = B497B3XW8R;
				GENERATE_INFOPLIST_FILE = YES;
				IPHONEOS_DEPLOYMENT_TARGET = 13.0;
				MARKETING_VERSION = 1.0;
				PRODUCT_BUNDLE_IDENTIFIER = ru.yandex.practicum.ImageFeedTests;
				PRODUCT_NAME = "$(TARGET_NAME)";
				SWIFT_EMIT_LOC_STRINGS = NO;
				SWIFT_VERSION = 5.0;
				TARGETED_DEVICE_FAMILY = "1,2";
				TEST_HOST = "$(BUILT_PRODUCTS_DIR)/ImageFeed.app/$(BUNDLE_EXECUTABLE_FOLDER_PATH)/ImageFeed";
			};
			name = Debug;
		};
		248EAF8B2C455218002FEF84 /* Release */ = {
			isa = XCBuildConfiguration;
			buildSettings = {
				BUNDLE_LOADER = "$(TEST_HOST)";
				CODE_SIGN_STYLE = Automatic;
				CURRENT_PROJECT_VERSION = 1;
				DEVELOPMENT_TEAM = B497B3XW8R;
				GENERATE_INFOPLIST_FILE = YES;
				IPHONEOS_DEPLOYMENT_TARGET = 13.0;
				MARKETING_VERSION = 1.0;
				PRODUCT_BUNDLE_IDENTIFIER = ru.yandex.practicum.ImageFeedTests;
				PRODUCT_NAME = "$(TARGET_NAME)";
				SWIFT_EMIT_LOC_STRINGS = NO;
				SWIFT_VERSION = 5.0;
				TARGETED_DEVICE_FAMILY = "1,2";
				TEST_HOST = "$(BUILT_PRODUCTS_DIR)/ImageFeed.app/$(BUNDLE_EXECUTABLE_FOLDER_PATH)/ImageFeed";
			};
			name = Release;
		};
		248EAFBB2C47B6EE002FEF84 /* Debug */ = {
			isa = XCBuildConfiguration;
			buildSettings = {
				BUNDLE_LOADER = "$(TEST_HOST)";
				CODE_SIGN_STYLE = Automatic;
				CURRENT_PROJECT_VERSION = 1;
				DEVELOPMENT_TEAM = B497B3XW8R;
				GENERATE_INFOPLIST_FILE = YES;
				IPHONEOS_DEPLOYMENT_TARGET = 13.0;
				MARKETING_VERSION = 1.0;
				PRODUCT_BUNDLE_IDENTIFIER = ru.yandex.practicum.ImagesListTests;
				PRODUCT_NAME = "$(TARGET_NAME)";
				SWIFT_EMIT_LOC_STRINGS = NO;
				SWIFT_VERSION = 5.0;
				TARGETED_DEVICE_FAMILY = "1,2";
				TEST_HOST = "$(BUILT_PRODUCTS_DIR)/ImageFeed.app/$(BUNDLE_EXECUTABLE_FOLDER_PATH)/ImageFeed";
			};
			name = Debug;
		};
		248EAFBC2C47B6EE002FEF84 /* Release */ = {
			isa = XCBuildConfiguration;
			buildSettings = {
				BUNDLE_LOADER = "$(TEST_HOST)";
				CODE_SIGN_STYLE = Automatic;
				CURRENT_PROJECT_VERSION = 1;
				DEVELOPMENT_TEAM = B497B3XW8R;
				GENERATE_INFOPLIST_FILE = YES;
				IPHONEOS_DEPLOYMENT_TARGET = 13.0;
				MARKETING_VERSION = 1.0;
				PRODUCT_BUNDLE_IDENTIFIER = ru.yandex.practicum.ImagesListTests;
				PRODUCT_NAME = "$(TARGET_NAME)";
				SWIFT_EMIT_LOC_STRINGS = NO;
				SWIFT_VERSION = 5.0;
				TARGETED_DEVICE_FAMILY = "1,2";
				TEST_HOST = "$(BUILT_PRODUCTS_DIR)/ImageFeed.app/$(BUNDLE_EXECUTABLE_FOLDER_PATH)/ImageFeed";
			};
			name = Release;
		};
		248EAFD22C483F81002FEF84 /* Debug */ = {
			isa = XCBuildConfiguration;
			buildSettings = {
				CODE_SIGN_STYLE = Automatic;
				CURRENT_PROJECT_VERSION = 1;
				DEVELOPMENT_TEAM = B497B3XW8R;
				GENERATE_INFOPLIST_FILE = YES;
				IPHONEOS_DEPLOYMENT_TARGET = 13.0;
				MARKETING_VERSION = 1.0;
				PRODUCT_BUNDLE_IDENTIFIER = ru.yandex.practicum.ImageFeedUITests;
				PRODUCT_NAME = "$(TARGET_NAME)";
				SWIFT_EMIT_LOC_STRINGS = NO;
				SWIFT_VERSION = 5.0;
				TARGETED_DEVICE_FAMILY = "1,2";
				TEST_TARGET_NAME = ImageFeed;
			};
			name = Debug;
		};
		248EAFD32C483F81002FEF84 /* Release */ = {
			isa = XCBuildConfiguration;
			buildSettings = {
				CODE_SIGN_STYLE = Automatic;
				CURRENT_PROJECT_VERSION = 1;
				DEVELOPMENT_TEAM = B497B3XW8R;
				GENERATE_INFOPLIST_FILE = YES;
				IPHONEOS_DEPLOYMENT_TARGET = 13.0;
				MARKETING_VERSION = 1.0;
				PRODUCT_BUNDLE_IDENTIFIER = ru.yandex.practicum.ImageFeedUITests;
				PRODUCT_NAME = "$(TARGET_NAME)";
				SWIFT_EMIT_LOC_STRINGS = NO;
				SWIFT_VERSION = 5.0;
				TARGETED_DEVICE_FAMILY = "1,2";
				TEST_TARGET_NAME = ImageFeed;
			};
			name = Release;
		};
/* End XCBuildConfiguration section */

/* Begin XCConfigurationList section */
		247965F72BE8C57F00E53C29 /* Build configuration list for PBXProject "ImageFeed" */ = {
			isa = XCConfigurationList;
			buildConfigurations = (
				2479660E2BE8C58100E53C29 /* Debug */,
				2479660F2BE8C58100E53C29 /* Release */,
			);
			defaultConfigurationIsVisible = 0;
			defaultConfigurationName = Release;
		};
		247966102BE8C58100E53C29 /* Build configuration list for PBXNativeTarget "ImageFeed" */ = {
			isa = XCConfigurationList;
			buildConfigurations = (
				247966112BE8C58100E53C29 /* Debug */,
				247966122BE8C58100E53C29 /* Release */,
			);
			defaultConfigurationIsVisible = 0;
			defaultConfigurationName = Release;
		};
		248EAF892C455218002FEF84 /* Build configuration list for PBXNativeTarget "ImageFeedTests" */ = {
			isa = XCConfigurationList;
			buildConfigurations = (
				248EAF8A2C455218002FEF84 /* Debug */,
				248EAF8B2C455218002FEF84 /* Release */,
			);
			defaultConfigurationIsVisible = 0;
			defaultConfigurationName = Release;
		};
		248EAFBA2C47B6EE002FEF84 /* Build configuration list for PBXNativeTarget "ImagesListTests" */ = {
			isa = XCConfigurationList;
			buildConfigurations = (
				248EAFBB2C47B6EE002FEF84 /* Debug */,
				248EAFBC2C47B6EE002FEF84 /* Release */,
			);
			defaultConfigurationIsVisible = 0;
			defaultConfigurationName = Release;
		};
		248EAFD12C483F81002FEF84 /* Build configuration list for PBXNativeTarget "ImageFeedUITests" */ = {
			isa = XCConfigurationList;
			buildConfigurations = (
				248EAFD22C483F81002FEF84 /* Debug */,
				248EAFD32C483F81002FEF84 /* Release */,
			);
			defaultConfigurationIsVisible = 0;
			defaultConfigurationName = Release;
		};
/* End XCConfigurationList section */

/* Begin XCRemoteSwiftPackageReference section */
		2475FF4B2C34601600E83C55 /* XCRemoteSwiftPackageReference "ProgressHUD" */ = {
			isa = XCRemoteSwiftPackageReference;
			repositoryURL = "https://github.com/relatedcode/ProgressHUD.git";
			requirement = {
				kind = upToNextMajorVersion;
				minimumVersion = 14.1.3;
			};
		};
		24C042A62C2185EA00746C39 /* XCRemoteSwiftPackageReference "SkeletonView" */ = {
			isa = XCRemoteSwiftPackageReference;
			repositoryURL = "https://github.com/Juanpe/SkeletonView.git";
			requirement = {
				kind = upToNextMajorVersion;
				minimumVersion = 1.31.0;
			};
		};
		24C042A92C21A25700746C39 /* XCRemoteSwiftPackageReference "Kingfisher" */ = {
			isa = XCRemoteSwiftPackageReference;
			repositoryURL = "https://github.com/onevcat/Kingfisher.git";
			requirement = {
				kind = upToNextMajorVersion;
				minimumVersion = 7.12.0;
			};
		};
/* End XCRemoteSwiftPackageReference section */

/* Begin XCSwiftPackageProductDependency section */
		2475FF4E2C34639D00E83C55 /* ProgressHUD */ = {
			isa = XCSwiftPackageProductDependency;
			package = 2475FF4B2C34601600E83C55 /* XCRemoteSwiftPackageReference "ProgressHUD" */;
			productName = ProgressHUD;
		};
		2475FF502C3463A800E83C55 /* Kingfisher */ = {
			isa = XCSwiftPackageProductDependency;
			package = 24C042A92C21A25700746C39 /* XCRemoteSwiftPackageReference "Kingfisher" */;
			productName = Kingfisher;
		};
		24C042A72C2185EA00746C39 /* SkeletonView */ = {
			isa = XCSwiftPackageProductDependency;
			package = 24C042A62C2185EA00746C39 /* XCRemoteSwiftPackageReference "SkeletonView" */;
			productName = SkeletonView;
		};
/* End XCSwiftPackageProductDependency section */
	};
	rootObject = 247965F42BE8C57F00E53C29 /* Project object */;
}
